// !$*UTF8*$!
{
	archiveVersion = 1;
	classes = {
	};
	objectVersion = 50;
	objects = {

/* Begin PBXBuildFile section */
		4406E49023DAB2D900820416 /* AppDelegate.swift in Sources */ = {isa = PBXBuildFile; fileRef = 4406E48F23DAB2D900820416 /* AppDelegate.swift */; };
		4406E49223DAB2D900820416 /* SceneDelegate.swift in Sources */ = {isa = PBXBuildFile; fileRef = 4406E49123DAB2D900820416 /* SceneDelegate.swift */; };
		4406E49423DAB2D900820416 /* ContentView.swift in Sources */ = {isa = PBXBuildFile; fileRef = 4406E49323DAB2D900820416 /* ContentView.swift */; };
		4406E49623DAB2DB00820416 /* Assets.xcassets in Resources */ = {isa = PBXBuildFile; fileRef = 4406E49523DAB2DB00820416 /* Assets.xcassets */; };
		4406E49923DAB2DB00820416 /* Preview Assets.xcassets in Resources */ = {isa = PBXBuildFile; fileRef = 4406E49823DAB2DB00820416 /* Preview Assets.xcassets */; };
		4406E49C23DAB2DB00820416 /* LaunchScreen.storyboard in Resources */ = {isa = PBXBuildFile; fileRef = 4406E49A23DAB2DB00820416 /* LaunchScreen.storyboard */; };
		4406E4A723DAB2DC00820416 /* SwiftUIDictionaryTests.swift in Sources */ = {isa = PBXBuildFile; fileRef = 4406E4A623DAB2DC00820416 /* SwiftUIDictionaryTests.swift */; };
		4406E4B223DAB2DC00820416 /* SwiftUIDictionaryUITests.swift in Sources */ = {isa = PBXBuildFile; fileRef = 4406E4B123DAB2DC00820416 /* SwiftUIDictionaryUITests.swift */; };
		4406E4C023DAC20A00820416 /* Dictionary.swift in Sources */ = {isa = PBXBuildFile; fileRef = 4406E4BF23DAC20A00820416 /* Dictionary.swift */; };
		4406E4C223DB28F500820416 /* Movie.swift in Sources */ = {isa = PBXBuildFile; fileRef = 4406E4C123DB28F500820416 /* Movie.swift */; };
/* End PBXBuildFile section */

/* Begin PBXContainerItemProxy section */
		4406E4A323DAB2DC00820416 /* PBXContainerItemProxy */ = {
			isa = PBXContainerItemProxy;
			containerPortal = 4406E48423DAB2D800820416 /* Project object */;
			proxyType = 1;
			remoteGlobalIDString = 4406E48B23DAB2D900820416;
			remoteInfo = SwiftUIDictionary;
		};
		4406E4AE23DAB2DC00820416 /* PBXContainerItemProxy */ = {
			isa = PBXContainerItemProxy;
			containerPortal = 4406E48423DAB2D800820416 /* Project object */;
			proxyType = 1;
			remoteGlobalIDString = 4406E48B23DAB2D900820416;
			remoteInfo = SwiftUIDictionary;
		};
/* End PBXContainerItemProxy section */

/* Begin PBXFileReference section */
		4406E48C23DAB2D900820416 /* SwiftUIDictionary.app */ = {isa = PBXFileReference; explicitFileType = wrapper.application; includeInIndex = 0; path = SwiftUIDictionary.app; sourceTree = BUILT_PRODUCTS_DIR; };
		4406E48F23DAB2D900820416 /* AppDelegate.swift */ = {isa = PBXFileReference; lastKnownFileType = sourcecode.swift; path = AppDelegate.swift; sourceTree = "<group>"; };
		4406E49123DAB2D900820416 /* SceneDelegate.swift */ = {isa = PBXFileReference; lastKnownFileType = sourcecode.swift; path = SceneDelegate.swift; sourceTree = "<group>"; };
		4406E49323DAB2D900820416 /* ContentView.swift */ = {isa = PBXFileReference; lastKnownFileType = sourcecode.swift; path = ContentView.swift; sourceTree = "<group>"; };
		4406E49523DAB2DB00820416 /* Assets.xcassets */ = {isa = PBXFileReference; lastKnownFileType = folder.assetcatalog; path = Assets.xcassets; sourceTree = "<group>"; };
		4406E49823DAB2DB00820416 /* Preview Assets.xcassets */ = {isa = PBXFileReference; lastKnownFileType = folder.assetcatalog; path = "Preview Assets.xcassets"; sourceTree = "<group>"; };
		4406E49B23DAB2DB00820416 /* Base */ = {isa = PBXFileReference; lastKnownFileType = file.storyboard; name = Base; path = Base.lproj/LaunchScreen.storyboard; sourceTree = "<group>"; };
		4406E49D23DAB2DB00820416 /* Info.plist */ = {isa = PBXFileReference; lastKnownFileType = text.plist.xml; path = Info.plist; sourceTree = "<group>"; };
		4406E4A223DAB2DC00820416 /* SwiftUIDictionaryTests.xctest */ = {isa = PBXFileReference; explicitFileType = wrapper.cfbundle; includeInIndex = 0; path = SwiftUIDictionaryTests.xctest; sourceTree = BUILT_PRODUCTS_DIR; };
		4406E4A623DAB2DC00820416 /* SwiftUIDictionaryTests.swift */ = {isa = PBXFileReference; lastKnownFileType = sourcecode.swift; path = SwiftUIDictionaryTests.swift; sourceTree = "<group>"; };
		4406E4A823DAB2DC00820416 /* Info.plist */ = {isa = PBXFileReference; lastKnownFileType = text.plist.xml; path = Info.plist; sourceTree = "<group>"; };
		4406E4AD23DAB2DC00820416 /* SwiftUIDictionaryUITests.xctest */ = {isa = PBXFileReference; explicitFileType = wrapper.cfbundle; includeInIndex = 0; path = SwiftUIDictionaryUITests.xctest; sourceTree = BUILT_PRODUCTS_DIR; };
		4406E4B123DAB2DC00820416 /* SwiftUIDictionaryUITests.swift */ = {isa = PBXFileReference; lastKnownFileType = sourcecode.swift; path = SwiftUIDictionaryUITests.swift; sourceTree = "<group>"; };
		4406E4B323DAB2DC00820416 /* Info.plist */ = {isa = PBXFileReference; lastKnownFileType = text.plist.xml; path = Info.plist; sourceTree = "<group>"; };
		4406E4BF23DAC20A00820416 /* Dictionary.swift */ = {isa = PBXFileReference; lastKnownFileType = sourcecode.swift; path = Dictionary.swift; sourceTree = "<group>"; };
		4406E4C123DB28F500820416 /* Movie.swift */ = {isa = PBXFileReference; lastKnownFileType = sourcecode.swift; path = Movie.swift; sourceTree = "<group>"; };
/* End PBXFileReference section */

/* Begin PBXFrameworksBuildPhase section */
		4406E48923DAB2D900820416 /* Frameworks */ = {
			isa = PBXFrameworksBuildPhase;
			buildActionMask = 2147483647;
			files = (
			);
			runOnlyForDeploymentPostprocessing = 0;
		};
		4406E49F23DAB2DC00820416 /* Frameworks */ = {
			isa = PBXFrameworksBuildPhase;
			buildActionMask = 2147483647;
			files = (
			);
			runOnlyForDeploymentPostprocessing = 0;
		};
		4406E4AA23DAB2DC00820416 /* Frameworks */ = {
			isa = PBXFrameworksBuildPhase;
			buildActionMask = 2147483647;
			files = (
			);
			runOnlyForDeploymentPostprocessing = 0;
		};
/* End PBXFrameworksBuildPhase section */

/* Begin PBXGroup section */
		4406E48323DAB2D800820416 = {
			isa = PBXGroup;
			children = (
				4406E48E23DAB2D900820416 /* SwiftUIDictionary */,
				4406E4A523DAB2DC00820416 /* SwiftUIDictionaryTests */,
				4406E4B023DAB2DC00820416 /* SwiftUIDictionaryUITests */,
				4406E48D23DAB2D900820416 /* Products */,
			);
			sourceTree = "<group>";
		};
		4406E48D23DAB2D900820416 /* Products */ = {
			isa = PBXGroup;
			children = (
				4406E48C23DAB2D900820416 /* SwiftUIDictionary.app */,
				4406E4A223DAB2DC00820416 /* SwiftUIDictionaryTests.xctest */,
				4406E4AD23DAB2DC00820416 /* SwiftUIDictionaryUITests.xctest */,
			);
			name = Products;
			sourceTree = "<group>";
		};
		4406E48E23DAB2D900820416 /* SwiftUIDictionary */ = {
			isa = PBXGroup;
			children = (
				4406E48F23DAB2D900820416 /* AppDelegate.swift */,
				4406E49123DAB2D900820416 /* SceneDelegate.swift */,
				4406E49323DAB2D900820416 /* ContentView.swift */,
				4406E4BF23DAC20A00820416 /* Dictionary.swift */,
				4406E4C123DB28F500820416 /* Movie.swift */,
				4406E49523DAB2DB00820416 /* Assets.xcassets */,
				4406E49A23DAB2DB00820416 /* LaunchScreen.storyboard */,
				4406E49D23DAB2DB00820416 /* Info.plist */,
				4406E49723DAB2DB00820416 /* Preview Content */,
			);
			path = SwiftUIDictionary;
			sourceTree = "<group>";
		};
		4406E49723DAB2DB00820416 /* Preview Content */ = {
			isa = PBXGroup;
			children = (
				4406E49823DAB2DB00820416 /* Preview Assets.xcassets */,
			);
			path = "Preview Content";
			sourceTree = "<group>";
		};
		4406E4A523DAB2DC00820416 /* SwiftUIDictionaryTests */ = {
			isa = PBXGroup;
			children = (
				4406E4A623DAB2DC00820416 /* SwiftUIDictionaryTests.swift */,
				4406E4A823DAB2DC00820416 /* Info.plist */,
			);
			path = SwiftUIDictionaryTests;
			sourceTree = "<group>";
		};
		4406E4B023DAB2DC00820416 /* SwiftUIDictionaryUITests */ = {
			isa = PBXGroup;
			children = (
				4406E4B123DAB2DC00820416 /* SwiftUIDictionaryUITests.swift */,
				4406E4B323DAB2DC00820416 /* Info.plist */,
			);
			path = SwiftUIDictionaryUITests;
			sourceTree = "<group>";
		};
/* End PBXGroup section */

/* Begin PBXNativeTarget section */
		4406E48B23DAB2D900820416 /* SwiftUIDictionary */ = {
			isa = PBXNativeTarget;
			buildConfigurationList = 4406E4B623DAB2DC00820416 /* Build configuration list for PBXNativeTarget "SwiftUIDictionary" */;
			buildPhases = (
				4406E48823DAB2D900820416 /* Sources */,
				4406E48923DAB2D900820416 /* Frameworks */,
				4406E48A23DAB2D900820416 /* Resources */,
			);
			buildRules = (
			);
			dependencies = (
			);
			name = SwiftUIDictionary;
			productName = SwiftUIDictionary;
			productReference = 4406E48C23DAB2D900820416 /* SwiftUIDictionary.app */;
			productType = "com.apple.product-type.application";
		};
		4406E4A123DAB2DC00820416 /* SwiftUIDictionaryTests */ = {
			isa = PBXNativeTarget;
			buildConfigurationList = 4406E4B923DAB2DC00820416 /* Build configuration list for PBXNativeTarget "SwiftUIDictionaryTests" */;
			buildPhases = (
				4406E49E23DAB2DC00820416 /* Sources */,
				4406E49F23DAB2DC00820416 /* Frameworks */,
				4406E4A023DAB2DC00820416 /* Resources */,
			);
			buildRules = (
			);
			dependencies = (
				4406E4A423DAB2DC00820416 /* PBXTargetDependency */,
			);
			name = SwiftUIDictionaryTests;
			productName = SwiftUIDictionaryTests;
			productReference = 4406E4A223DAB2DC00820416 /* SwiftUIDictionaryTests.xctest */;
			productType = "com.apple.product-type.bundle.unit-test";
		};
		4406E4AC23DAB2DC00820416 /* SwiftUIDictionaryUITests */ = {
			isa = PBXNativeTarget;
			buildConfigurationList = 4406E4BC23DAB2DC00820416 /* Build configuration list for PBXNativeTarget "SwiftUIDictionaryUITests" */;
			buildPhases = (
				4406E4A923DAB2DC00820416 /* Sources */,
				4406E4AA23DAB2DC00820416 /* Frameworks */,
				4406E4AB23DAB2DC00820416 /* Resources */,
			);
			buildRules = (
			);
			dependencies = (
				4406E4AF23DAB2DC00820416 /* PBXTargetDependency */,
			);
			name = SwiftUIDictionaryUITests;
			productName = SwiftUIDictionaryUITests;
			productReference = 4406E4AD23DAB2DC00820416 /* SwiftUIDictionaryUITests.xctest */;
			productType = "com.apple.product-type.bundle.ui-testing";
		};
/* End PBXNativeTarget section */

/* Begin PBXProject section */
		4406E48423DAB2D800820416 /* Project object */ = {
			isa = PBXProject;
			attributes = {
				LastSwiftUpdateCheck = 1130;
				LastUpgradeCheck = 1130;
				ORGANIZATIONNAME = "高良昌辰";
				TargetAttributes = {
					4406E48B23DAB2D900820416 = {
						CreatedOnToolsVersion = 11.3;
					};
					4406E4A123DAB2DC00820416 = {
						CreatedOnToolsVersion = 11.3;
						TestTargetID = 4406E48B23DAB2D900820416;
					};
					4406E4AC23DAB2DC00820416 = {
						CreatedOnToolsVersion = 11.3;
						TestTargetID = 4406E48B23DAB2D900820416;
					};
				};
			};
			buildConfigurationList = 4406E48723DAB2D800820416 /* Build configuration list for PBXProject "SwiftUIDictionary" */;
			compatibilityVersion = "Xcode 9.3";
			developmentRegion = en;
			hasScannedForEncodings = 0;
			knownRegions = (
				en,
				Base,
			);
			mainGroup = 4406E48323DAB2D800820416;
			productRefGroup = 4406E48D23DAB2D900820416 /* Products */;
			projectDirPath = "";
			projectRoot = "";
			targets = (
				4406E48B23DAB2D900820416 /* SwiftUIDictionary */,
				4406E4A123DAB2DC00820416 /* SwiftUIDictionaryTests */,
				4406E4AC23DAB2DC00820416 /* SwiftUIDictionaryUITests */,
			);
		};
/* End PBXProject section */

/* Begin PBXResourcesBuildPhase section */
		4406E48A23DAB2D900820416 /* Resources */ = {
			isa = PBXResourcesBuildPhase;
			buildActionMask = 2147483647;
			files = (
				4406E49C23DAB2DB00820416 /* LaunchScreen.storyboard in Resources */,
				4406E49923DAB2DB00820416 /* Preview Assets.xcassets in Resources */,
				4406E49623DAB2DB00820416 /* Assets.xcassets in Resources */,
			);
			runOnlyForDeploymentPostprocessing = 0;
		};
		4406E4A023DAB2DC00820416 /* Resources */ = {
			isa = PBXResourcesBuildPhase;
			buildActionMask = 2147483647;
			files = (
			);
			runOnlyForDeploymentPostprocessing = 0;
		};
		4406E4AB23DAB2DC00820416 /* Resources */ = {
			isa = PBXResourcesBuildPhase;
			buildActionMask = 2147483647;
			files = (
			);
			runOnlyForDeploymentPostprocessing = 0;
		};
/* End PBXResourcesBuildPhase section */

/* Begin PBXSourcesBuildPhase section */
		4406E48823DAB2D900820416 /* Sources */ = {
			isa = PBXSourcesBuildPhase;
			buildActionMask = 2147483647;
			files = (
				4406E49023DAB2D900820416 /* AppDelegate.swift in Sources */,
				4406E4C023DAC20A00820416 /* Dictionary.swift in Sources */,
				4406E49223DAB2D900820416 /* SceneDelegate.swift in Sources */,
				4406E49423DAB2D900820416 /* ContentView.swift in Sources */,
				4406E4C223DB28F500820416 /* Movie.swift in Sources */,
			);
			runOnlyForDeploymentPostprocessing = 0;
		};
		4406E49E23DAB2DC00820416 /* Sources */ = {
			isa = PBXSourcesBuildPhase;
			buildActionMask = 2147483647;
			files = (
				4406E4A723DAB2DC00820416 /* SwiftUIDictionaryTests.swift in Sources */,
			);
			runOnlyForDeploymentPostprocessing = 0;
		};
		4406E4A923DAB2DC00820416 /* Sources */ = {
			isa = PBXSourcesBuildPhase;
			buildActionMask = 2147483647;
			files = (
				4406E4B223DAB2DC00820416 /* SwiftUIDictionaryUITests.swift in Sources */,
			);
			runOnlyForDeploymentPostprocessing = 0;
		};
/* End PBXSourcesBuildPhase section */

/* Begin PBXTargetDependency section */
		4406E4A423DAB2DC00820416 /* PBXTargetDependency */ = {
			isa = PBXTargetDependency;
			target = 4406E48B23DAB2D900820416 /* SwiftUIDictionary */;
			targetProxy = 4406E4A323DAB2DC00820416 /* PBXContainerItemProxy */;
		};
		4406E4AF23DAB2DC00820416 /* PBXTargetDependency */ = {
			isa = PBXTargetDependency;
			target = 4406E48B23DAB2D900820416 /* SwiftUIDictionary */;
			targetProxy = 4406E4AE23DAB2DC00820416 /* PBXContainerItemProxy */;
		};
/* End PBXTargetDependency section */

/* Begin PBXVariantGroup section */
		4406E49A23DAB2DB00820416 /* LaunchScreen.storyboard */ = {
			isa = PBXVariantGroup;
			children = (
				4406E49B23DAB2DB00820416 /* Base */,
			);
			name = LaunchScreen.storyboard;
			sourceTree = "<group>";
		};
/* End PBXVariantGroup section */

/* Begin XCBuildConfiguration section */
		4406E4B423DAB2DC00820416 /* Debug */ = {
			isa = XCBuildConfiguration;
			buildSettings = {
				ALWAYS_SEARCH_USER_PATHS = NO;
				CLANG_ANALYZER_NONNULL = YES;
				CLANG_ANALYZER_NUMBER_OBJECT_CONVERSION = YES_AGGRESSIVE;
				CLANG_CXX_LANGUAGE_STANDARD = "gnu++14";
				CLANG_CXX_LIBRARY = "libc++";
				CLANG_ENABLE_MODULES = YES;
				CLANG_ENABLE_OBJC_ARC = YES;
				CLANG_ENABLE_OBJC_WEAK = YES;
				CLANG_WARN_BLOCK_CAPTURE_AUTORELEASING = YES;
				CLANG_WARN_BOOL_CONVERSION = YES;
				CLANG_WARN_COMMA = YES;
				CLANG_WARN_CONSTANT_CONVERSION = YES;
				CLANG_WARN_DEPRECATED_OBJC_IMPLEMENTATIONS = YES;
				CLANG_WARN_DIRECT_OBJC_ISA_USAGE = YES_ERROR;
				CLANG_WARN_DOCUMENTATION_COMMENTS = YES;
				CLANG_WARN_EMPTY_BODY = YES;
				CLANG_WARN_ENUM_CONVERSION = YES;
				CLANG_WARN_INFINITE_RECURSION = YES;
				CLANG_WARN_INT_CONVERSION = YES;
				CLANG_WARN_NON_LITERAL_NULL_CONVERSION = YES;
				CLANG_WARN_OBJC_IMPLICIT_RETAIN_SELF = YES;
				CLANG_WARN_OBJC_LITERAL_CONVERSION = YES;
				CLANG_WARN_OBJC_ROOT_CLASS = YES_ERROR;
				CLANG_WARN_RANGE_LOOP_ANALYSIS = YES;
				CLANG_WARN_STRICT_PROTOTYPES = YES;
				CLANG_WARN_SUSPICIOUS_MOVE = YES;
				CLANG_WARN_UNGUARDED_AVAILABILITY = YES_AGGRESSIVE;
				CLANG_WARN_UNREACHABLE_CODE = YES;
				CLANG_WARN__DUPLICATE_METHOD_MATCH = YES;
				COPY_PHASE_STRIP = NO;
				DEBUG_INFORMATION_FORMAT = dwarf;
				ENABLE_STRICT_OBJC_MSGSEND = YES;
				ENABLE_TESTABILITY = YES;
				GCC_C_LANGUAGE_STANDARD = gnu11;
				GCC_DYNAMIC_NO_PIC = NO;
				GCC_NO_COMMON_BLOCKS = YES;
				GCC_OPTIMIZATION_LEVEL = 0;
				GCC_PREPROCESSOR_DEFINITIONS = (
					"DEBUG=1",
					"$(inherited)",
				);
				GCC_WARN_64_TO_32_BIT_CONVERSION = YES;
				GCC_WARN_ABOUT_RETURN_TYPE = YES_ERROR;
				GCC_WARN_UNDECLARED_SELECTOR = YES;
				GCC_WARN_UNINITIALIZED_AUTOS = YES_AGGRESSIVE;
				GCC_WARN_UNUSED_FUNCTION = YES;
				GCC_WARN_UNUSED_VARIABLE = YES;
				IPHONEOS_DEPLOYMENT_TARGET = 13.2;
				MTL_ENABLE_DEBUG_INFO = INCLUDE_SOURCE;
				MTL_FAST_MATH = YES;
				ONLY_ACTIVE_ARCH = YES;
				SDKROOT = iphoneos;
				SWIFT_ACTIVE_COMPILATION_CONDITIONS = DEBUG;
				SWIFT_OPTIMIZATION_LEVEL = "-Onone";
			};
			name = Debug;
		};
		4406E4B523DAB2DC00820416 /* Release */ = {
			isa = XCBuildConfiguration;
			buildSettings = {
				ALWAYS_SEARCH_USER_PATHS = NO;
				CLANG_ANALYZER_NONNULL = YES;
				CLANG_ANALYZER_NUMBER_OBJECT_CONVERSION = YES_AGGRESSIVE;
				CLANG_CXX_LANGUAGE_STANDARD = "gnu++14";
				CLANG_CXX_LIBRARY = "libc++";
				CLANG_ENABLE_MODULES = YES;
				CLANG_ENABLE_OBJC_ARC = YES;
				CLANG_ENABLE_OBJC_WEAK = YES;
				CLANG_WARN_BLOCK_CAPTURE_AUTORELEASING = YES;
				CLANG_WARN_BOOL_CONVERSION = YES;
				CLANG_WARN_COMMA = YES;
				CLANG_WARN_CONSTANT_CONVERSION = YES;
				CLANG_WARN_DEPRECATED_OBJC_IMPLEMENTATIONS = YES;
				CLANG_WARN_DIRECT_OBJC_ISA_USAGE = YES_ERROR;
				CLANG_WARN_DOCUMENTATION_COMMENTS = YES;
				CLANG_WARN_EMPTY_BODY = YES;
				CLANG_WARN_ENUM_CONVERSION = YES;
				CLANG_WARN_INFINITE_RECURSION = YES;
				CLANG_WARN_INT_CONVERSION = YES;
				CLANG_WARN_NON_LITERAL_NULL_CONVERSION = YES;
				CLANG_WARN_OBJC_IMPLICIT_RETAIN_SELF = YES;
				CLANG_WARN_OBJC_LITERAL_CONVERSION = YES;
				CLANG_WARN_OBJC_ROOT_CLASS = YES_ERROR;
				CLANG_WARN_RANGE_LOOP_ANALYSIS = YES;
				CLANG_WARN_STRICT_PROTOTYPES = YES;
				CLANG_WARN_SUSPICIOUS_MOVE = YES;
				CLANG_WARN_UNGUARDED_AVAILABILITY = YES_AGGRESSIVE;
				CLANG_WARN_UNREACHABLE_CODE = YES;
				CLANG_WARN__DUPLICATE_METHOD_MATCH = YES;
				COPY_PHASE_STRIP = NO;
				DEBUG_INFORMATION_FORMAT = "dwarf-with-dsym";
				ENABLE_NS_ASSERTIONS = NO;
				ENABLE_STRICT_OBJC_MSGSEND = YES;
				GCC_C_LANGUAGE_STANDARD = gnu11;
				GCC_NO_COMMON_BLOCKS = YES;
				GCC_WARN_64_TO_32_BIT_CONVERSION = YES;
				GCC_WARN_ABOUT_RETURN_TYPE = YES_ERROR;
				GCC_WARN_UNDECLARED_SELECTOR = YES;
				GCC_WARN_UNINITIALIZED_AUTOS = YES_AGGRESSIVE;
				GCC_WARN_UNUSED_FUNCTION = YES;
				GCC_WARN_UNUSED_VARIABLE = YES;
				IPHONEOS_DEPLOYMENT_TARGET = 13.2;
				MTL_ENABLE_DEBUG_INFO = NO;
				MTL_FAST_MATH = YES;
				SDKROOT = iphoneos;
				SWIFT_COMPILATION_MODE = wholemodule;
				SWIFT_OPTIMIZATION_LEVEL = "-O";
				VALIDATE_PRODUCT = YES;
			};
			name = Release;
		};
		4406E4B723DAB2DC00820416 /* Debug */ = {
			isa = XCBuildConfiguration;
			buildSettings = {
				ASSETCATALOG_COMPILER_APPICON_NAME = AppIcon;
				CODE_SIGN_STYLE = Automatic;
				DEVELOPMENT_ASSET_PATHS = "\"SwiftUIDictionary/Preview Content\"";
				DEVELOPMENT_TEAM = DY6955CDY3;
				ENABLE_PREVIEWS = YES;
				INFOPLIST_FILE = SwiftUIDictionary/Info.plist;
				LD_RUNPATH_SEARCH_PATHS = (
					"$(inherited)",
					"@executable_path/Frameworks",
				);
				PRODUCT_BUNDLE_IDENTIFIER = takara.SwiftUIDictionary;
				PRODUCT_NAME = "$(TARGET_NAME)";
				SWIFT_VERSION = 5.0;
				TARGETED_DEVICE_FAMILY = "1,2";
			};
			name = Debug;
		};
		4406E4B823DAB2DC00820416 /* Release */ = {
			isa = XCBuildConfiguration;
			buildSettings = {
				ASSETCATALOG_COMPILER_APPICON_NAME = AppIcon;
				CODE_SIGN_STYLE = Automatic;
				DEVELOPMENT_ASSET_PATHS = "\"SwiftUIDictionary/Preview Content\"";
				DEVELOPMENT_TEAM = DY6955CDY3;
				ENABLE_PREVIEWS = YES;
				INFOPLIST_FILE = SwiftUIDictionary/Info.plist;
				LD_RUNPATH_SEARCH_PATHS = (
					"$(inherited)",
					"@executable_path/Frameworks",
				);
				PRODUCT_BUNDLE_IDENTIFIER = takara.SwiftUIDictionary;
				PRODUCT_NAME = "$(TARGET_NAME)";
				SWIFT_VERSION = 5.0;
				TARGETED_DEVICE_FAMILY = "1,2";
			};
			name = Release;
		};
		4406E4BA23DAB2DC00820416 /* Debug */ = {
			isa = XCBuildConfiguration;
			buildSettings = {
				ALWAYS_EMBED_SWIFT_STANDARD_LIBRARIES = YES;
				BUNDLE_LOADER = "$(TEST_HOST)";
				CODE_SIGN_STYLE = Automatic;
				DEVELOPMENT_TEAM = DY6955CDY3;
				INFOPLIST_FILE = SwiftUIDictionaryTests/Info.plist;
				IPHONEOS_DEPLOYMENT_TARGET = 13.2;
				LD_RUNPATH_SEARCH_PATHS = (
					"$(inherited)",
					"@executable_path/Frameworks",
					"@loader_path/Frameworks",
				);
				PRODUCT_BUNDLE_IDENTIFIER = takara.SwiftUIDictionaryTests;
				PRODUCT_NAME = "$(TARGET_NAME)";
				SWIFT_VERSION = 5.0;
				TARGETED_DEVICE_FAMILY = "1,2";
				TEST_HOST = "$(BUILT_PRODUCTS_DIR)/SwiftUIDictionary.app/SwiftUIDictionary";
			};
			name = Debug;
		};
		4406E4BB23DAB2DC00820416 /* Release */ = {
			isa = XCBuildConfiguration;
			buildSettings = {
				ALWAYS_EMBED_SWIFT_STANDARD_LIBRARIES = YES;
				BUNDLE_LOADER = "$(TEST_HOST)";
				CODE_SIGN_STYLE = Automatic;
				DEVELOPMENT_TEAM = DY6955CDY3;
				INFOPLIST_FILE = SwiftUIDictionaryTests/Info.plist;
				IPHONEOS_DEPLOYMENT_TARGET = 13.2;
				LD_RUNPATH_SEARCH_PATHS = (
					"$(inherited)",
					"@executable_path/Frameworks",
					"@loader_path/Frameworks",
				);
				PRODUCT_BUNDLE_IDENTIFIER = takara.SwiftUIDictionaryTests;
				PRODUCT_NAME = "$(TARGET_NAME)";
				SWIFT_VERSION = 5.0;
				TARGETED_DEVICE_FAMILY = "1,2";
				TEST_HOST = "$(BUILT_PRODUCTS_DIR)/SwiftUIDictionary.app/SwiftUIDictionary";
			};
			name = Release;
		};
		4406E4BD23DAB2DC00820416 /* Debug */ = {
			isa = XCBuildConfiguration;
			buildSettings = {
				ALWAYS_EMBED_SWIFT_STANDARD_LIBRARIES = YES;
				CODE_SIGN_STYLE = Automatic;
				DEVELOPMENT_TEAM = DY6955CDY3;
				INFOPLIST_FILE = SwiftUIDictionaryUITests/Info.plist;
				LD_RUNPATH_SEARCH_PATHS = (
					"$(inherited)",
					"@executable_path/Frameworks",
					"@loader_path/Frameworks",
				);
				PRODUCT_BUNDLE_IDENTIFIER = takara.SwiftUIDictionaryUITests;
				PRODUCT_NAME = "$(TARGET_NAME)";
				SWIFT_VERSION = 5.0;
				TARGETED_DEVICE_FAMILY = "1,2";
				TEST_TARGET_NAME = SwiftUIDictionary;
			};
			name = Debug;
		};
		4406E4BE23DAB2DC00820416 /* Release */ = {
			isa = XCBuildConfiguration;
			buildSettings = {
				ALWAYS_EMBED_SWIFT_STANDARD_LIBRARIES = YES;
				CODE_SIGN_STYLE = Automatic;
				DEVELOPMENT_TEAM = DY6955CDY3;
				INFOPLIST_FILE = SwiftUIDictionaryUITests/Info.plist;
				LD_RUNPATH_SEARCH_PATHS = (
					"$(inherited)",
					"@executable_path/Frameworks",
					"@loader_path/Frameworks",
				);
				PRODUCT_BUNDLE_IDENTIFIER = takara.SwiftUIDictionaryUITests;
				PRODUCT_NAME = "$(TARGET_NAME)";
				SWIFT_VERSION = 5.0;
				TARGETED_DEVICE_FAMILY = "1,2";
				TEST_TARGET_NAME = SwiftUIDictionary;
			};
			name = Release;
		};
/* End XCBuildConfiguration section */

/* Begin XCConfigurationList section */
		4406E48723DAB2D800820416 /* Build configuration list for PBXProject "SwiftUIDictionary" */ = {
			isa = XCConfigurationList;
			buildConfigurations = (
				4406E4B423DAB2DC00820416 /* Debug */,
				4406E4B523DAB2DC00820416 /* Release */,
			);
			defaultConfigurationIsVisible = 0;
			defaultConfigurationName = Release;
		};
		4406E4B623DAB2DC00820416 /* Build configuration list for PBXNativeTarget "SwiftUIDictionary" */ = {
			isa = XCConfigurationList;
			buildConfigurations = (
				4406E4B723DAB2DC00820416 /* Debug */,
				4406E4B823DAB2DC00820416 /* Release */,
			);
			defaultConfigurationIsVisible = 0;
			defaultConfigurationName = Release;
		};
		4406E4B923DAB2DC00820416 /* Build configuration list for PBXNativeTarget "SwiftUIDictionaryTests" */ = {
			isa = XCConfigurationList;
			buildConfigurations = (
				4406E4BA23DAB2DC00820416 /* Debug */,
				4406E4BB23DAB2DC00820416 /* Release */,
			);
			defaultConfigurationIsVisible = 0;
			defaultConfigurationName = Release;
		};
		4406E4BC23DAB2DC00820416 /* Build configuration list for PBXNativeTarget "SwiftUIDictionaryUITests" */ = {
			isa = XCConfigurationList;
			buildConfigurations = (
				4406E4BD23DAB2DC00820416 /* Debug */,
				4406E4BE23DAB2DC00820416 /* Release */,
			);
			defaultConfigurationIsVisible = 0;
			defaultConfigurationName = Release;
		};
/* End XCConfigurationList section */
	};
	rootObject = 4406E48423DAB2D800820416 /* Project object */;
}
